// !$*UTF8*$!
{
	archiveVersion = 1;
	classes = {
	};
	objectVersion = 46;
	objects = {

/* Begin PBXBuildFile section */
		038A8017925A8D9CA7126DF7 /* Pods.framework in Frameworks */ = {isa = PBXBuildFile; fileRef = D71C1D1E2108122863C39CAE /* Pods.framework */; };
		2F153DF01C5324F000949513 /* AppDelegate.swift in Sources */ = {isa = PBXBuildFile; fileRef = 2F153DEF1C5324F000949513 /* AppDelegate.swift */; };
		2F153DF21C5324F000949513 /* ViewController.swift in Sources */ = {isa = PBXBuildFile; fileRef = 2F153DF11C5324F000949513 /* ViewController.swift */; };
		2F153DF51C5324F000949513 /* Main.storyboard in Resources */ = {isa = PBXBuildFile; fileRef = 2F153DF31C5324F000949513 /* Main.storyboard */; };
		2F153DF71C5324F000949513 /* Assets.xcassets in Resources */ = {isa = PBXBuildFile; fileRef = 2F153DF61C5324F000949513 /* Assets.xcassets */; };
		2F153DFA1C5324F000949513 /* LaunchScreen.storyboard in Resources */ = {isa = PBXBuildFile; fileRef = 2F153DF81C5324F000949513 /* LaunchScreen.storyboard */; };
/* End PBXBuildFile section */

/* Begin PBXFileReference section */
		2F153DEC1C5324F000949513 /* cai.app */ = {isa = PBXFileReference; explicitFileType = wrapper.application; includeInIndex = 0; path = cai.app; sourceTree = BUILT_PRODUCTS_DIR; };
		2F153DEF1C5324F000949513 /* AppDelegate.swift */ = {isa = PBXFileReference; lastKnownFileType = sourcecode.swift; path = AppDelegate.swift; sourceTree = "<group>"; };
		2F153DF11C5324F000949513 /* ViewController.swift */ = {isa = PBXFileReference; lastKnownFileType = sourcecode.swift; path = ViewController.swift; sourceTree = "<group>"; };
		2F153DF41C5324F000949513 /* Base */ = {isa = PBXFileReference; lastKnownFileType = file.storyboard; name = Base; path = Base.lproj/Main.storyboard; sourceTree = "<group>"; };
		2F153DF61C5324F000949513 /* Assets.xcassets */ = {isa = PBXFileReference; lastKnownFileType = folder.assetcatalog; path = Assets.xcassets; sourceTree = "<group>"; };
		2F153DF91C5324F000949513 /* Base */ = {isa = PBXFileReference; lastKnownFileType = file.storyboard; name = Base; path = Base.lproj/LaunchScreen.storyboard; sourceTree = "<group>"; };
		2F153DFB1C5324F000949513 /* Info.plist */ = {isa = PBXFileReference; lastKnownFileType = text.plist.xml; path = Info.plist; sourceTree = "<group>"; };
		5D772F6F3F03CB0DF0A41BD0 /* Pods.debug.xcconfig */ = {isa = PBXFileReference; includeInIndex = 1; lastKnownFileType = text.xcconfig; name = Pods.debug.xcconfig; path = "Pods/Target Support Files/Pods/Pods.debug.xcconfig"; sourceTree = "<group>"; };
		D71C1D1E2108122863C39CAE /* Pods.framework */ = {isa = PBXFileReference; explicitFileType = wrapper.framework; includeInIndex = 0; path = Pods.framework; sourceTree = BUILT_PRODUCTS_DIR; };
		EF0F8A90E2015800E023658C /* Pods.release.xcconfig */ = {isa = PBXFileReference; includeInIndex = 1; lastKnownFileType = text.xcconfig; name = Pods.release.xcconfig; path = "Pods/Target Support Files/Pods/Pods.release.xcconfig"; sourceTree = "<group>"; };
/* End PBXFileReference section */

/* Begin PBXFrameworksBuildPhase section */
		2F153DE91C5324F000949513 /* Frameworks */ = {
			isa = PBXFrameworksBuildPhase;
			buildActionMask = 2147483647;
			files = (
				038A8017925A8D9CA7126DF7 /* Pods.framework in Frameworks */,
			);
			runOnlyForDeploymentPostprocessing = 0;
		};
/* End PBXFrameworksBuildPhase section */

/* Begin PBXGroup section */
		2F153DE31C5324F000949513 = {
			isa = PBXGroup;
			children = (
				2F153DEE1C5324F000949513 /* cai */,
				2F153DED1C5324F000949513 /* Products */,
				DA9EBA4E8558FF9FA85F2899 /* Pods */,
				F63A85221FAC384119F52468 /* Frameworks */,
			);
			sourceTree = "<group>";
		};
		2F153DED1C5324F000949513 /* Products */ = {
			isa = PBXGroup;
			children = (
				2F153DEC1C5324F000949513 /* cai.app */,
			);
			name = Products;
			sourceTree = "<group>";
		};
		2F153DEE1C5324F000949513 /* cai */ = {
			isa = PBXGroup;
			children = (
				2F153DEF1C5324F000949513 /* AppDelegate.swift */,
				2F153DF11C5324F000949513 /* ViewController.swift */,
				2F153DF31C5324F000949513 /* Main.storyboard */,
				2F153DF61C5324F000949513 /* Assets.xcassets */,
				2F153DF81C5324F000949513 /* LaunchScreen.storyboard */,
				2F153DFB1C5324F000949513 /* Info.plist */,
			);
			path = cai;
			sourceTree = "<group>";
		};
		DA9EBA4E8558FF9FA85F2899 /* Pods */ = {
			isa = PBXGroup;
			children = (
				5D772F6F3F03CB0DF0A41BD0 /* Pods.debug.xcconfig */,
				EF0F8A90E2015800E023658C /* Pods.release.xcconfig */,
			);
			name = Pods;
			sourceTree = "<group>";
		};
		F63A85221FAC384119F52468 /* Frameworks */ = {
			isa = PBXGroup;
			children = (
				D71C1D1E2108122863C39CAE /* Pods.framework */,
			);
			name = Frameworks;
			sourceTree = "<group>";
		};
/* End PBXGroup section */

/* Begin PBXNativeTarget section */
		2F153DEB1C5324F000949513 /* cai */ = {
			isa = PBXNativeTarget;
			buildConfigurationList = 2F153DFE1C5324F000949513 /* Build configuration list for PBXNativeTarget "cai" */;
			buildPhases = (
				4CC1E61B5D2F9C95FDA2E1FB /* Check Pods Manifest.lock */,
				2F153DE81C5324F000949513 /* Sources */,
				2F153DE91C5324F000949513 /* Frameworks */,
				2F153DEA1C5324F000949513 /* Resources */,
				C2091565733B6B77DA7FC6E1 /* Embed Pods Frameworks */,
				2A9993DC6C7FDDE5347E176F /* Copy Pods Resources */,
			);
			buildRules = (
			);
			dependencies = (
			);
			name = cai;
			productName = cai;
			productReference = 2F153DEC1C5324F000949513 /* cai.app */;
			productType = "com.apple.product-type.application";
		};
/* End PBXNativeTarget section */

/* Begin PBXProject section */
		2F153DE41C5324F000949513 /* Project object */ = {
			isa = PBXProject;
			attributes = {
				LastSwiftUpdateCheck = 0720;
				LastUpgradeCheck = 0720;
				ORGANIZATIONNAME = "Vignesh Mohankumar";
				TargetAttributes = {
					2F153DEB1C5324F000949513 = {
						CreatedOnToolsVersion = 7.2;
					};
				};
			};
			buildConfigurationList = 2F153DE71C5324F000949513 /* Build configuration list for PBXProject "cai" */;
			compatibilityVersion = "Xcode 3.2";
			developmentRegion = English;
			hasScannedForEncodings = 0;
			knownRegions = (
				en,
				Base,
			);
			mainGroup = 2F153DE31C5324F000949513;
			productRefGroup = 2F153DED1C5324F000949513 /* Products */;
			projectDirPath = "";
			projectRoot = "";
			targets = (
				2F153DEB1C5324F000949513 /* cai */,
			);
		};
/* End PBXProject section */

/* Begin PBXResourcesBuildPhase section */
		2F153DEA1C5324F000949513 /* Resources */ = {
			isa = PBXResourcesBuildPhase;
			buildActionMask = 2147483647;
			files = (
				2F153DFA1C5324F000949513 /* LaunchScreen.storyboard in Resources */,
				2F153DF71C5324F000949513 /* Assets.xcassets in Resources */,
				2F153DF51C5324F000949513 /* Main.storyboard in Resources */,
			);
			runOnlyForDeploymentPostprocessing = 0;
		};
/* End PBXResourcesBuildPhase section */

/* Begin PBXShellScriptBuildPhase section */
		2A9993DC6C7FDDE5347E176F /* Copy Pods Resources */ = {
			isa = PBXShellScriptBuildPhase;
			buildActionMask = 2147483647;
			files = (
			);
			inputPaths = (
			);
			name = "Copy Pods Resources";
			outputPaths = (
			);
			runOnlyForDeploymentPostprocessing = 0;
			shellPath = /bin/sh;
			shellScript = "\"${SRCROOT}/Pods/Target Support Files/Pods/Pods-resources.sh\"\n";
			showEnvVarsInLog = 0;
		};
		4CC1E61B5D2F9C95FDA2E1FB /* Check Pods Manifest.lock */ = {
			isa = PBXShellScriptBuildPhase;
			buildActionMask = 2147483647;
			files = (
			);
			inputPaths = (
			);
			name = "Check Pods Manifest.lock";
			outputPaths = (
			);
			runOnlyForDeploymentPostprocessing = 0;
			shellPath = /bin/sh;
			shellScript = "diff \"${PODS_ROOT}/../Podfile.lock\" \"${PODS_ROOT}/Manifest.lock\" > /dev/null\nif [[ $? != 0 ]] ; then\n    cat << EOM\nerror: The sandbox is not in sync with the Podfile.lock. Run 'pod install' or update your CocoaPods installation.\nEOM\n    exit 1\nfi\n";
			showEnvVarsInLog = 0;
		};
		C2091565733B6B77DA7FC6E1 /* Embed Pods Frameworks */ = {
			isa = PBXShellScriptBuildPhase;
			buildActionMask = 2147483647;
			files = (
			);
			inputPaths = (
			);
			name = "Embed Pods Frameworks";
			outputPaths = (
			);
			runOnlyForDeploymentPostprocessing = 0;
			shellPath = /bin/sh;
			shellScript = "\"${SRCROOT}/Pods/Target Support Files/Pods/Pods-frameworks.sh\"\n";
			showEnvVarsInLog = 0;
		};
/* End PBXShellScriptBuildPhase section */

/* Begin PBXSourcesBuildPhase section */
		2F153DE81C5324F000949513 /* Sources */ = {
			isa = PBXSourcesBuildPhase;
			buildActionMask = 2147483647;
			files = (
				2F153DF21C5324F000949513 /* ViewController.swift in Sources */,
				2F153DF01C5324F000949513 /* AppDelegate.swift in Sources */,
			);
			runOnlyForDeploymentPostprocessing = 0;
		};
/* End PBXSourcesBuildPhase section */

/* Begin PBXVariantGroup section */
		2F153DF31C5324F000949513 /* Main.storyboard */ = {
			isa = PBXVariantGroup;
			children = (
				2F153DF41C5324F000949513 /* Base */,
			);
			name = Main.storyboard;
			sourceTree = "<group>";
		};
		2F153DF81C5324F000949513 /* LaunchScreen.storyboard */ = {
			isa = PBXVariantGroup;
			children = (
				2F153DF91C5324F000949513 /* Base */,
			);
			name = LaunchScreen.storyboard;
			sourceTree = "<group>";
		};
/* End PBXVariantGroup section */

/* Begin XCBuildConfiguration section */
		2F153DFC1C5324F000949513 /* Debug */ = {
			isa = XCBuildConfiguration;
			buildSettings = {
				ALWAYS_SEARCH_USER_PATHS = NO;
				CLANG_CXX_LANGUAGE_STANDARD = "gnu++0x";
				CLANG_CXX_LIBRARY = "libc++";
				CLANG_ENABLE_MODULES = YES;
				CLANG_ENABLE_OBJC_ARC = YES;
				CLANG_WARN_BOOL_CONVERSION = YES;
				CLANG_WARN_CONSTANT_CONVERSION = YES;
				CLANG_WARN_DIRECT_OBJC_ISA_USAGE = YES_ERROR;
				CLANG_WARN_EMPTY_BODY = YES;
				CLANG_WARN_ENUM_CONVERSION = YES;
				CLANG_WARN_INT_CONVERSION = YES;
				CLANG_WARN_OBJC_ROOT_CLASS = YES_ERROR;
				CLANG_WARN_UNREACHABLE_CODE = YES;
				CLANG_WARN__DUPLICATE_METHOD_MATCH = YES;
				"CODE_SIGN_IDENTITY[sdk=iphoneos*]" = "iPhone Developer";
				COPY_PHASE_STRIP = NO;
				DEBUG_INFORMATION_FORMAT = dwarf;
				ENABLE_STRICT_OBJC_MSGSEND = YES;
				ENABLE_TESTABILITY = YES;
				GCC_C_LANGUAGE_STANDARD = gnu99;
				GCC_DYNAMIC_NO_PIC = NO;
				GCC_NO_COMMON_BLOCKS = YES;
				GCC_OPTIMIZATION_LEVEL = 0;
				GCC_PREPROCESSOR_DEFINITIONS = (
					"DEBUG=1",
					"$(inherited)",
				);
				GCC_WARN_64_TO_32_BIT_CONVERSION = YES;
				GCC_WARN_ABOUT_RETURN_TYPE = YES_ERROR;
				GCC_WARN_UNDECLARED_SELECTOR = YES;
				GCC_WARN_UNINITIALIZED_AUTOS = YES_AGGRESSIVE;
				GCC_WARN_UNUSED_FUNCTION = YES;
				GCC_WARN_UNUSED_VARIABLE = YES;
				IPHONEOS_DEPLOYMENT_TARGET = 9.2;
				MTL_ENABLE_DEBUG_INFO = YES;
				ONLY_ACTIVE_ARCH = YES;
				SDKROOT = iphoneos;
				SWIFT_OPTIMIZATION_LEVEL = "-Onone";
			};
			name = Debug;
		};
		2F153DFD1C5324F000949513 /* Release */ = {
			isa = XCBuildConfiguration;
			buildSettings = {
				ALWAYS_SEARCH_USER_PATHS = NO;
				CLANG_CXX_LANGUAGE_STANDARD = "gnu++0x";
				CLANG_CXX_LIBRARY = "libc++";
				CLANG_ENABLE_MODULES = YES;
				CLANG_ENABLE_OBJC_ARC = YES;
				CLANG_WARN_BOOL_CONVERSION = YES;
				CLANG_WARN_CONSTANT_CONVERSION = YES;
				CLANG_WARN_DIRECT_OBJC_ISA_USAGE = YES_ERROR;
				CLANG_WARN_EMPTY_BODY = YES;
				CLANG_WARN_ENUM_CONVERSION = YES;
				CLANG_WARN_INT_CONVERSION = YES;
				CLANG_WARN_OBJC_ROOT_CLASS = YES_ERROR;
				CLANG_WARN_UNREACHABLE_CODE = YES;
				CLANG_WARN__DUPLICATE_METHOD_MATCH = YES;
				"CODE_SIGN_IDENTITY[sdk=iphoneos*]" = "iPhone Developer";
				COPY_PHASE_STRIP = NO;
				DEBUG_INFORMATION_FORMAT = "dwarf-with-dsym";
				ENABLE_NS_ASSERTIONS = NO;
				ENABLE_STRICT_OBJC_MSGSEND = YES;
				GCC_C_LANGUAGE_STANDARD = gnu99;
				GCC_NO_COMMON_BLOCKS = YES;
				GCC_WARN_64_TO_32_BIT_CONVERSION = YES;
				GCC_WARN_ABOUT_RETURN_TYPE = YES_ERROR;
				GCC_WARN_UNDECLARED_SELECTOR = YES;
				GCC_WARN_UNINITIALIZED_AUTOS = YES_AGGRESSIVE;
				GCC_WARN_UNUSED_FUNCTION = YES;
				GCC_WARN_UNUSED_VARIABLE = YES;
				IPHONEOS_DEPLOYMENT_TARGET = 9.2;
				MTL_ENABLE_DEBUG_INFO = NO;
				SDKROOT = iphoneos;
				VALIDATE_PRODUCT = YES;
			};
			name = Release;
		};
		2F153DFF1C5324F000949513 /* Debug */ = {
			isa = XCBuildConfiguration;
			baseConfigurationReference = 5D772F6F3F03CB0DF0A41BD0 /* Pods.debug.xcconfig */;
			buildSettings = {
				ASSETCATALOG_COMPILER_APPICON_NAME = AppIcon;
				INFOPLIST_FILE = cai/Info.plist;
				LD_RUNPATH_SEARCH_PATHS = "$(inherited) @executable_path/Frameworks";
				PRODUCT_BUNDLE_IDENTIFIER = com.vigneshmohankumar.cai;
				PRODUCT_NAME = "$(TARGET_NAME)";
			};
			name = Debug;
		};
		2F153E001C5324F000949513 /* Release */ = {
			isa = XCBuildConfiguration;
			baseConfigurationReference = EF0F8A90E2015800E023658C /* Pods.release.xcconfig */;
			buildSettings = {
				ASSETCATALOG_COMPILER_APPICON_NAME = AppIcon;
				INFOPLIST_FILE = cai/Info.plist;
				LD_RUNPATH_SEARCH_PATHS = "$(inherited) @executable_path/Frameworks";
				PRODUCT_BUNDLE_IDENTIFIER = com.vigneshmohankumar.cai;
				PRODUCT_NAME = "$(TARGET_NAME)";
			};
			name = Release;
		};
/* End XCBuildConfiguration section */

/* Begin XCConfigurationList section */
		2F153DE71C5324F000949513 /* Build configuration list for PBXProject "cai" */ = {
			isa = XCConfigurationList;
			buildConfigurations = (
				2F153DFC1C5324F000949513 /* Debug */,
				2F153DFD1C5324F000949513 /* Release */,
			);
			defaultConfigurationIsVisible = 0;
			defaultConfigurationName = Release;
		};
		2F153DFE1C5324F000949513 /* Build configuration list for PBXNativeTarget "cai" */ = {
			isa = XCConfigurationList;
			buildConfigurations = (
				2F153DFF1C5324F000949513 /* Debug */,
				2F153E001C5324F000949513 /* Release */,
			);
			defaultConfigurationIsVisible = 0;
			defaultConfigurationName = Release;
		};
/* End XCConfigurationList section */
	};
	rootObject = 2F153DE41C5324F000949513 /* Project object */;
}
